
Microsoft Visual Studio Solution File, Format Version 12.00
# Visual Studio Version 17
VisualStudioVersion = 17.8.34511.84
MinimumVisualStudioVersion = 10.0.40219.1
Project("{9A19103F-16F7-4668-BE54-9A1E7A4F7556}") = "WebBanHang", "WebBanHang\WebBanHang.csproj", "{3812E291-6B2F-4FD0-8FB3-3A77979041A0}"
EndProject
Global
	GlobalSection(SolutionConfigurationPlatforms) = preSolution
		Debug|Any CPU = Debug|Any CPU
		Release|Any CPU = Release|Any CPU
	EndGlobalSection
	GlobalSection(ProjectConfigurationPlatforms) = postSolution
		{3812E291-6B2F-4FD0-8FB3-3A77979041A0}.Debug|Any CPU.ActiveCfg = Debug|Any CPU
		{3812E291-6B2F-4FD0-8FB3-3A77979041A0}.Debug|Any CPU.Build.0 = Debug|Any CPU
		{3812E291-6B2F-4FD0-8FB3-3A77979041A0}.Release|Any CPU.ActiveCfg = Release|Any CPU
		{3812E291-6B2F-4FD0-8FB3-3A77979041A0}.Release|Any CPU.Build.0 = Release|Any CPU
	EndGlobalSection
	GlobalSection(SolutionProperties) = preSolution
		HideSolutionNode = FALSE
	EndGlobalSection
	GlobalSection(ExtensibilityGlobals) = postSolution
		SolutionGuid = {C63F572F-BDA2-4677-A9F5-73030020920B}
	EndGlobalSection
EndGlobal
